
Microsoft Visual Studio Solution File, Format Version 12.00
# Visual Studio Version 17
VisualStudioVersion = 17.5.002.0
MinimumVisualStudioVersion = 10.0.40219.1
Project("{9A19103F-16F7-4668-BE54-9A1E7A4F7556}") = "EmployeeManagementSystem", "EmployeeManagementSystem\EmployeeManagementSystem.csproj", "{43B857A5-193A-4DC4-A9F0-603BF37C68EF}"
EndProject
Global
	GlobalSection(SolutionConfigurationPlatforms) = preSolution
		Debug|Any CPU = Debug|Any CPU
		Release|Any CPU = Release|Any CPU
	EndGlobalSection
	GlobalSection(ProjectConfigurationPlatforms) = postSolution
		{43B857A5-193A-4DC4-A9F0-603BF37C68EF}.Debug|Any CPU.ActiveCfg = Debug|Any CPU
		{43B857A5-193A-4DC4-A9F0-603BF37C68EF}.Debug|Any CPU.Build.0 = Debug|Any CPU
		{43B857A5-193A-4DC4-A9F0-603BF37C68EF}.Release|Any CPU.ActiveCfg = Release|Any CPU
		{43B857A5-193A-4DC4-A9F0-603BF37C68EF}.Release|Any CPU.Build.0 = Release|Any CPU
	EndGlobalSection
	GlobalSection(SolutionProperties) = preSolution
		HideSolutionNode = FALSE
	EndGlobalSection
	GlobalSection(ExtensibilityGlobals) = postSolution
		SolutionGuid = {C6CC72BE-E307-4835-ABD3-EE92D8BB4AA3}
	EndGlobalSection
EndGlobal
